
Microsoft Visual Studio Solution File, Format Version 12.00
# Visual Studio 15
VisualStudioVersion = 15.0.28307.539
MinimumVisualStudioVersion = 10.0.40219.1
Project("{FAE04EC0-301F-11D3-BF4B-00C04F79EFBC}") = "JLDJ", "JLDJ\JLDJ.csproj", "{A314EA7A-C552-4BA2-B8D3-0432F4EFDDFE}"
EndProject
Global
	GlobalSection(SolutionConfigurationPlatforms) = preSolution
		Debug|Any CPU = Debug|Any CPU
		Release|Any CPU = Release|Any CPU
	EndGlobalSection
	GlobalSection(ProjectConfigurationPlatforms) = postSolution
		{A314EA7A-C552-4BA2-B8D3-0432F4EFDDFE}.Debug|Any CPU.ActiveCfg = Debug|Any CPU
		{A314EA7A-C552-4BA2-B8D3-0432F4EFDDFE}.Debug|Any CPU.Build.0 = Debug|Any CPU
		{A314EA7A-C552-4BA2-B8D3-0432F4EFDDFE}.Release|Any CPU.ActiveCfg = Release|Any CPU
		{A314EA7A-C552-4BA2-B8D3-0432F4EFDDFE}.Release|Any CPU.Build.0 = Release|Any CPU
	EndGlobalSection
	GlobalSection(SolutionProperties) = preSolution
		HideSolutionNode = FALSE
	EndGlobalSection
	GlobalSection(ExtensibilityGlobals) = postSolution
		SolutionGuid = {66982C01-98FB-48A5-BB18-222D5FACB08C}
	EndGlobalSection
EndGlobal
